github.com/google/gopacket v1.1.19 h1:k3fTKNb+Fo0SAHBX5tq5qT1zIakjYkVW8BbbjGsnFw8=
github.com/google/gopacket v1.1.19/go.mod h1:QG4RFhdrAjuF8WfTSS5lUQIm9D4YzuY0M9o2iZ3rM1E=
github.com/gofrs/flock v0.8.1 h1:6F8Cbw/OnSNIpCeUeNQusT0J9gYc01jIKxKcA+SUPpM=
github.com/gofrs/flock v0.8.1/go.mod h1:FmTDQ/ec71OKfyxtz7qF6WkEjsGGrVexOy288mZjq4c=
github.com/inconshreveable/mousetrap v1.1.0 h1:pF8weAMQKz3e9lDgzHjsnGvfNJsMQeAv2Y+4eDGYIt4=
github.com/inconshreveable/mousetrap v1.1.0/go.mod h1:f*GTRoSf0fWUJttQdLMcI0VPpNs6SmLkH9eVugbf4hbA=
github.com/spf13/cobra v1.8.0 h1:KIKyMbIkHrx8YMhfUyPjeesIx4rBFtM23fPxwfKjVTM=
github.com/spf13/cobra v1.8.0/go.mod h1:Otg5mv3t2HK9hokKxu87Sdf3L0jAUWkXBsbaHeUxgqk=
github.com/spf13/pflag v1.0.5 h1:z4BoiJz5MKUl4J9gILFQskCw3t8g70YVqgkP4YexLxA=
github.com/spf13/pflag v1.0.5/go.mod h1:fs6WpY92bqzknJFgyLXxwla4EYj84OQSCclymM17T74=
golang.org/x/sys v0.18.0 h1:Pc1L4ksHWp2oyddUJpQM4uJ9zePSmPyWXrLOSE/nx6A=
golang.org/x/sys v0.18.0/go.mod h1:/K8yE9LJElwncG8BJyE4YfN4kTdxpRdPWncG3frgOe8=
